// !$*UTF8*$!
{
	archiveVersion = 1;
	classes = {
	};
	objectVersion = 46;
	objects = {

/* Begin PBXBuildFile section */
		04AE494719158E5000D9EF6B /* Foundation.framework in Frameworks */ = {isa = PBXBuildFile; fileRef = 04AE494619158E5000D9EF6B /* Foundation.framework */; };
		04AE494919158E5000D9EF6B /* CoreGraphics.framework in Frameworks */ = {isa = PBXBuildFile; fileRef = 04AE494819158E5000D9EF6B /* CoreGraphics.framework */; };
		04AE494B19158E5000D9EF6B /* UIKit.framework in Frameworks */ = {isa = PBXBuildFile; fileRef = 04AE494A19158E5000D9EF6B /* UIKit.framework */; };
		04AE495119158E5000D9EF6B /* InfoPlist.strings in Resources */ = {isa = PBXBuildFile; fileRef = 04AE494F19158E5000D9EF6B /* InfoPlist.strings */; };
		04AE495319158E5000D9EF6B /* main.m in Sources */ = {isa = PBXBuildFile; fileRef = 04AE495219158E5000D9EF6B /* main.m */; };
		04AE495719158E5000D9EF6B /* GLOAppDelegate.m in Sources */ = {isa = PBXBuildFile; fileRef = 04AE495619158E5000D9EF6B /* GLOAppDelegate.m */; };
		04AE495A19158E5000D9EF6B /* Main.storyboard in Resources */ = {isa = PBXBuildFile; fileRef = 04AE495819158E5000D9EF6B /* Main.storyboard */; };
		04AE495D19158E5000D9EF6B /* GLOViewController.m in Sources */ = {isa = PBXBuildFile; fileRef = 04AE495C19158E5000D9EF6B /* GLOViewController.m */; };
		04AE495F19158E5000D9EF6B /* Images.xcassets in Resources */ = {isa = PBXBuildFile; fileRef = 04AE495E19158E5000D9EF6B /* Images.xcassets */; };
		04AE496619158E5000D9EF6B /* XCTest.framework in Frameworks */ = {isa = PBXBuildFile; fileRef = 04AE496519158E5000D9EF6B /* XCTest.framework */; };
		04AE496719158E5000D9EF6B /* Foundation.framework in Frameworks */ = {isa = PBXBuildFile; fileRef = 04AE494619158E5000D9EF6B /* Foundation.framework */; };
		04AE496819158E5000D9EF6B /* UIKit.framework in Frameworks */ = {isa = PBXBuildFile; fileRef = 04AE494A19158E5000D9EF6B /* UIKit.framework */; };
		04AE497019158E5000D9EF6B /* InfoPlist.strings in Resources */ = {isa = PBXBuildFile; fileRef = 04AE496E19158E5000D9EF6B /* InfoPlist.strings */; };
		04AE497219158E5000D9EF6B /* GroloTests.m in Sources */ = {isa = PBXBuildFile; fileRef = 04AE497119158E5000D9EF6B /* GroloTests.m */; };
/* End PBXBuildFile section */

/* Begin PBXContainerItemProxy section */
		04AE496919158E5000D9EF6B /* PBXContainerItemProxy */ = {
			isa = PBXContainerItemProxy;
			containerPortal = 04AE493B19158E5000D9EF6B /* Project object */;
			proxyType = 1;
			remoteGlobalIDString = 04AE494219158E5000D9EF6B;
			remoteInfo = Grolo;
		};
/* End PBXContainerItemProxy section */

/* Begin PBXFileReference section */
		04AE494319158E5000D9EF6B /* Grolo.app */ = {isa = PBXFileReference; explicitFileType = wrapper.application; includeInIndex = 0; path = Grolo.app; sourceTree = BUILT_PRODUCTS_DIR; };
		04AE494619158E5000D9EF6B /* Foundation.framework */ = {isa = PBXFileReference; lastKnownFileType = wrapper.framework; name = Foundation.framework; path = System/Library/Frameworks/Foundation.framework; sourceTree = SDKROOT; };
		04AE494819158E5000D9EF6B /* CoreGraphics.framework */ = {isa = PBXFileReference; lastKnownFileType = wrapper.framework; name = CoreGraphics.framework; path = System/Library/Frameworks/CoreGraphics.framework; sourceTree = SDKROOT; };
		04AE494A19158E5000D9EF6B /* UIKit.framework */ = {isa = PBXFileReference; lastKnownFileType = wrapper.framework; name = UIKit.framework; path = System/Library/Frameworks/UIKit.framework; sourceTree = SDKROOT; };
		04AE494E19158E5000D9EF6B /* Grolo-Info.plist */ = {isa = PBXFileReference; lastKnownFileType = text.plist.xml; path = "Grolo-Info.plist"; sourceTree = "<group>"; };
		04AE495019158E5000D9EF6B /* en */ = {isa = PBXFileReference; lastKnownFileType = text.plist.strings; name = en; path = en.lproj/InfoPlist.strings; sourceTree = "<group>"; };
		04AE495219158E5000D9EF6B /* main.m */ = {isa = PBXFileReference; lastKnownFileType = sourcecode.c.objc; path = main.m; sourceTree = "<group>"; };
		04AE495419158E5000D9EF6B /* Grolo-Prefix.pch */ = {isa = PBXFileReference; lastKnownFileType = sourcecode.c.h; path = "Grolo-Prefix.pch"; sourceTree = "<group>"; };
		04AE495519158E5000D9EF6B /* GLOAppDelegate.h */ = {isa = PBXFileReference; lastKnownFileType = sourcecode.c.h; path = GLOAppDelegate.h; sourceTree = "<group>"; };
		04AE495619158E5000D9EF6B /* GLOAppDelegate.m */ = {isa = PBXFileReference; lastKnownFileType = sourcecode.c.objc; path = GLOAppDelegate.m; sourceTree = "<group>"; };
		04AE495919158E5000D9EF6B /* Base */ = {isa = PBXFileReference; lastKnownFileType = file.storyboard; name = Base; path = Base.lproj/Main.storyboard; sourceTree = "<group>"; };
		04AE495B19158E5000D9EF6B /* GLOViewController.h */ = {isa = PBXFileReference; lastKnownFileType = sourcecode.c.h; path = GLOViewController.h; sourceTree = "<group>"; };
		04AE495C19158E5000D9EF6B /* GLOViewController.m */ = {isa = PBXFileReference; lastKnownFileType = sourcecode.c.objc; path = GLOViewController.m; sourceTree = "<group>"; };
		04AE495E19158E5000D9EF6B /* Images.xcassets */ = {isa = PBXFileReference; lastKnownFileType = folder.assetcatalog; path = Images.xcassets; sourceTree = "<group>"; };
		04AE496419158E5000D9EF6B /* GroloTests.xctest */ = {isa = PBXFileReference; explicitFileType = wrapper.cfbundle; includeInIndex = 0; path = GroloTests.xctest; sourceTree = BUILT_PRODUCTS_DIR; };
		04AE496519158E5000D9EF6B /* XCTest.framework */ = {isa = PBXFileReference; lastKnownFileType = wrapper.framework; name = XCTest.framework; path = Library/Frameworks/XCTest.framework; sourceTree = DEVELOPER_DIR; };
		04AE496D19158E5000D9EF6B /* GroloTests-Info.plist */ = {isa = PBXFileReference; lastKnownFileType = text.plist.xml; path = "GroloTests-Info.plist"; sourceTree = "<group>"; };
		04AE496F19158E5000D9EF6B /* en */ = {isa = PBXFileReference; lastKnownFileType = text.plist.strings; name = en; path = en.lproj/InfoPlist.strings; sourceTree = "<group>"; };
		04AE497119158E5000D9EF6B /* GroloTests.m */ = {isa = PBXFileReference; lastKnownFileType = sourcecode.c.objc; path = GroloTests.m; sourceTree = "<group>"; };
/* End PBXFileReference section */

/* Begin PBXFrameworksBuildPhase section */
		04AE494019158E5000D9EF6B /* Frameworks */ = {
			isa = PBXFrameworksBuildPhase;
			buildActionMask = 2147483647;
			files = (
				04AE494919158E5000D9EF6B /* CoreGraphics.framework in Frameworks */,
				04AE494B19158E5000D9EF6B /* UIKit.framework in Frameworks */,
				04AE494719158E5000D9EF6B /* Foundation.framework in Frameworks */,
			);
			runOnlyForDeploymentPostprocessing = 0;
		};
		04AE496119158E5000D9EF6B /* Frameworks */ = {
			isa = PBXFrameworksBuildPhase;
			buildActionMask = 2147483647;
			files = (
				04AE496619158E5000D9EF6B /* XCTest.framework in Frameworks */,
				04AE496819158E5000D9EF6B /* UIKit.framework in Frameworks */,
				04AE496719158E5000D9EF6B /* Foundation.framework in Frameworks */,
			);
			runOnlyForDeploymentPostprocessing = 0;
		};
/* End PBXFrameworksBuildPhase section */

/* Begin PBXGroup section */
		04AE493A19158E5000D9EF6B = {
			isa = PBXGroup;
			children = (
				04AE494C19158E5000D9EF6B /* Grolo */,
				04AE496B19158E5000D9EF6B /* GroloTests */,
				04AE494519158E5000D9EF6B /* Frameworks */,
				04AE494419158E5000D9EF6B /* Products */,
			);
			sourceTree = "<group>";
		};
		04AE494419158E5000D9EF6B /* Products */ = {
			isa = PBXGroup;
			children = (
				04AE494319158E5000D9EF6B /* Grolo.app */,
				04AE496419158E5000D9EF6B /* GroloTests.xctest */,
			);
			name = Products;
			sourceTree = "<group>";
		};
		04AE494519158E5000D9EF6B /* Frameworks */ = {
			isa = PBXGroup;
			children = (
				04AE494619158E5000D9EF6B /* Foundation.framework */,
				04AE494819158E5000D9EF6B /* CoreGraphics.framework */,
				04AE494A19158E5000D9EF6B /* UIKit.framework */,
				04AE496519158E5000D9EF6B /* XCTest.framework */,
			);
			name = Frameworks;
			sourceTree = "<group>";
		};
		04AE494C19158E5000D9EF6B /* Grolo */ = {
			isa = PBXGroup;
			children = (
				04AE495519158E5000D9EF6B /* GLOAppDelegate.h */,
				04AE495619158E5000D9EF6B /* GLOAppDelegate.m */,
				04AE495819158E5000D9EF6B /* Main.storyboard */,
				04AE495B19158E5000D9EF6B /* GLOViewController.h */,
				04AE495C19158E5000D9EF6B /* GLOViewController.m */,
				04AE495E19158E5000D9EF6B /* Images.xcassets */,
				04AE494D19158E5000D9EF6B /* Supporting Files */,
			);
			path = Grolo;
			sourceTree = "<group>";
		};
		04AE494D19158E5000D9EF6B /* Supporting Files */ = {
			isa = PBXGroup;
			children = (
				04AE494E19158E5000D9EF6B /* Grolo-Info.plist */,
				04AE494F19158E5000D9EF6B /* InfoPlist.strings */,
				04AE495219158E5000D9EF6B /* main.m */,
				04AE495419158E5000D9EF6B /* Grolo-Prefix.pch */,
			);
			name = "Supporting Files";
			sourceTree = "<group>";
		};
		04AE496B19158E5000D9EF6B /* GroloTests */ = {
			isa = PBXGroup;
			children = (
				04AE497119158E5000D9EF6B /* GroloTests.m */,
				04AE496C19158E5000D9EF6B /* Supporting Files */,
			);
			path = GroloTests;
			sourceTree = "<group>";
		};
		04AE496C19158E5000D9EF6B /* Supporting Files */ = {
			isa = PBXGroup;
			children = (
				04AE496D19158E5000D9EF6B /* GroloTests-Info.plist */,
				04AE496E19158E5000D9EF6B /* InfoPlist.strings */,
			);
			name = "Supporting Files";
			sourceTree = "<group>";
		};
/* End PBXGroup section */

/* Begin PBXNativeTarget section */
		04AE494219158E5000D9EF6B /* Grolo */ = {
			isa = PBXNativeTarget;
			buildConfigurationList = 04AE497519158E5000D9EF6B /* Build configuration list for PBXNativeTarget "Grolo" */;
			buildPhases = (
				04AE493F19158E5000D9EF6B /* Sources */,
				04AE494019158E5000D9EF6B /* Frameworks */,
				04AE494119158E5000D9EF6B /* Resources */,
			);
			buildRules = (
			);
			dependencies = (
			);
			name = Grolo;
			productName = Grolo;
			productReference = 04AE494319158E5000D9EF6B /* Grolo.app */;
			productType = "com.apple.product-type.application";
		};
		04AE496319158E5000D9EF6B /* GroloTests */ = {
			isa = PBXNativeTarget;
			buildConfigurationList = 04AE497819158E5000D9EF6B /* Build configuration list for PBXNativeTarget "GroloTests" */;
			buildPhases = (
				04AE496019158E5000D9EF6B /* Sources */,
				04AE496119158E5000D9EF6B /* Frameworks */,
				04AE496219158E5000D9EF6B /* Resources */,
			);
			buildRules = (
			);
			dependencies = (
				04AE496A19158E5000D9EF6B /* PBXTargetDependency */,
			);
			name = GroloTests;
			productName = GroloTests;
			productReference = 04AE496419158E5000D9EF6B /* GroloTests.xctest */;
			productType = "com.apple.product-type.bundle.unit-test";
		};
/* End PBXNativeTarget section */

/* Begin PBXProject section */
		04AE493B19158E5000D9EF6B /* Project object */ = {
			isa = PBXProject;
			attributes = {
				CLASSPREFIX = GLO;
				LastUpgradeCheck = 0510;
				ORGANIZATIONNAME = "Circle Ruler";
				TargetAttributes = {
					04AE496319158E5000D9EF6B = {
						TestTargetID = 04AE494219158E5000D9EF6B;
					};
				};
			};
			buildConfigurationList = 04AE493E19158E5000D9EF6B /* Build configuration list for PBXProject "Grolo" */;
			compatibilityVersion = "Xcode 3.2";
			developmentRegion = English;
			hasScannedForEncodings = 0;
			knownRegions = (
				en,
				Base,
			);
			mainGroup = 04AE493A19158E5000D9EF6B;
			productRefGroup = 04AE494419158E5000D9EF6B /* Products */;
			projectDirPath = "";
			projectRoot = "";
			targets = (
				04AE494219158E5000D9EF6B /* Grolo */,
				04AE496319158E5000D9EF6B /* GroloTests */,
			);
		};
/* End PBXProject section */

/* Begin PBXResourcesBuildPhase section */
		04AE494119158E5000D9EF6B /* Resources */ = {
			isa = PBXResourcesBuildPhase;
			buildActionMask = 2147483647;
			files = (
				04AE495F19158E5000D9EF6B /* Images.xcassets in Resources */,
				04AE495119158E5000D9EF6B /* InfoPlist.strings in Resources */,
				04AE495A19158E5000D9EF6B /* Main.storyboard in Resources */,
			);
			runOnlyForDeploymentPostprocessing = 0;
		};
		04AE496219158E5000D9EF6B /* Resources */ = {
			isa = PBXResourcesBuildPhase;
			buildActionMask = 2147483647;
			files = (
				04AE497019158E5000D9EF6B /* InfoPlist.strings in Resources */,
			);
			runOnlyForDeploymentPostprocessing = 0;
		};
/* End PBXResourcesBuildPhase section */

/* Begin PBXSourcesBuildPhase section */
		04AE493F19158E5000D9EF6B /* Sources */ = {
			isa = PBXSourcesBuildPhase;
			buildActionMask = 2147483647;
			files = (
				04AE495D19158E5000D9EF6B /* GLOViewController.m in Sources */,
				04AE495319158E5000D9EF6B /* main.m in Sources */,
				04AE495719158E5000D9EF6B /* GLOAppDelegate.m in Sources */,
			);
			runOnlyForDeploymentPostprocessing = 0;
		};
		04AE496019158E5000D9EF6B /* Sources */ = {
			isa = PBXSourcesBuildPhase;
			buildActionMask = 2147483647;
			files = (
				04AE497219158E5000D9EF6B /* GroloTests.m in Sources */,
			);
			runOnlyForDeploymentPostprocessing = 0;
		};
/* End PBXSourcesBuildPhase section */

/* Begin PBXTargetDependency section */
		04AE496A19158E5000D9EF6B /* PBXTargetDependency */ = {
			isa = PBXTargetDependency;
			target = 04AE494219158E5000D9EF6B /* Grolo */;
			targetProxy = 04AE496919158E5000D9EF6B /* PBXContainerItemProxy */;
		};
/* End PBXTargetDependency section */

/* Begin PBXVariantGroup section */
		04AE494F19158E5000D9EF6B /* InfoPlist.strings */ = {
			isa = PBXVariantGroup;
			children = (
				04AE495019158E5000D9EF6B /* en */,
			);
			name = InfoPlist.strings;
			sourceTree = "<group>";
		};
		04AE495819158E5000D9EF6B /* Main.storyboard */ = {
			isa = PBXVariantGroup;
			children = (
				04AE495919158E5000D9EF6B /* Base */,
			);
			name = Main.storyboard;
			sourceTree = "<group>";
		};
		04AE496E19158E5000D9EF6B /* InfoPlist.strings */ = {
			isa = PBXVariantGroup;
			children = (
				04AE496F19158E5000D9EF6B /* en */,
			);
			name = InfoPlist.strings;
			sourceTree = "<group>";
		};
/* End PBXVariantGroup section */

/* Begin XCBuildConfiguration section */
		04AE497319158E5000D9EF6B /* Debug */ = {
			isa = XCBuildConfiguration;
			buildSettings = {
				ALWAYS_SEARCH_USER_PATHS = NO;
				CLANG_CXX_LANGUAGE_STANDARD = "gnu++0x";
				CLANG_CXX_LIBRARY = "libc++";
				CLANG_ENABLE_MODULES = YES;
				CLANG_ENABLE_OBJC_ARC = YES;
				CLANG_WARN_BOOL_CONVERSION = YES;
				CLANG_WARN_CONSTANT_CONVERSION = YES;
				CLANG_WARN_DIRECT_OBJC_ISA_USAGE = YES_ERROR;
				CLANG_WARN_EMPTY_BODY = YES;
				CLANG_WARN_ENUM_CONVERSION = YES;
				CLANG_WARN_INT_CONVERSION = YES;
				CLANG_WARN_OBJC_ROOT_CLASS = YES_ERROR;
				CLANG_WARN__DUPLICATE_METHOD_MATCH = YES;
				"CODE_SIGN_IDENTITY[sdk=iphoneos*]" = "iPhone Developer";
				COPY_PHASE_STRIP = NO;
				GCC_C_LANGUAGE_STANDARD = gnu99;
				GCC_DYNAMIC_NO_PIC = NO;
				GCC_OPTIMIZATION_LEVEL = 0;
				GCC_PREPROCESSOR_DEFINITIONS = (
					"DEBUG=1",
					"$(inherited)",
				);
				GCC_SYMBOLS_PRIVATE_EXTERN = NO;
				GCC_WARN_64_TO_32_BIT_CONVERSION = YES;
				GCC_WARN_ABOUT_RETURN_TYPE = YES_ERROR;
				GCC_WARN_UNDECLARED_SELECTOR = YES;
				GCC_WARN_UNINITIALIZED_AUTOS = YES_AGGRESSIVE;
				GCC_WARN_UNUSED_FUNCTION = YES;
				GCC_WARN_UNUSED_VARIABLE = YES;
				IPHONEOS_DEPLOYMENT_TARGET = 7.1;
				ONLY_ACTIVE_ARCH = YES;
				SDKROOT = iphoneos;
			};
			name = Debug;
		};
		04AE497419158E5000D9EF6B /* Release */ = {
			isa = XCBuildConfiguration;
			buildSettings = {
				ALWAYS_SEARCH_USER_PATHS = NO;
				CLANG_CXX_LANGUAGE_STANDARD = "gnu++0x";
				CLANG_CXX_LIBRARY = "libc++";
				CLANG_ENABLE_MODULES = YES;
				CLANG_ENABLE_OBJC_ARC = YES;
				CLANG_WARN_BOOL_CONVERSION = YES;
				CLANG_WARN_CONSTANT_CONVERSION = YES;
				CLANG_WARN_DIRECT_OBJC_ISA_USAGE = YES_ERROR;
				CLANG_WARN_EMPTY_BODY = YES;
				CLANG_WARN_ENUM_CONVERSION = YES;
				CLANG_WARN_INT_CONVERSION = YES;
				CLANG_WARN_OBJC_ROOT_CLASS = YES_ERROR;
				CLANG_WARN__DUPLICATE_METHOD_MATCH = YES;
				"CODE_SIGN_IDENTITY[sdk=iphoneos*]" = "iPhone Developer";
				COPY_PHASE_STRIP = YES;
				ENABLE_NS_ASSERTIONS = NO;
				GCC_C_LANGUAGE_STANDARD = gnu99;
				GCC_WARN_64_TO_32_BIT_CONVERSION = YES;
				GCC_WARN_ABOUT_RETURN_TYPE = YES_ERROR;
				GCC_WARN_UNDECLARED_SELECTOR = YES;
				GCC_WARN_UNINITIALIZED_AUTOS = YES_AGGRESSIVE;
				GCC_WARN_UNUSED_FUNCTION = YES;
				GCC_WARN_UNUSED_VARIABLE = YES;
				IPHONEOS_DEPLOYMENT_TARGET = 7.1;
				SDKROOT = iphoneos;
				VALIDATE_PRODUCT = YES;
			};
			name = Release;
		};
		04AE497619158E5000D9EF6B /* Debug */ = {
			isa = XCBuildConfiguration;
			buildSettings = {
				ASSETCATALOG_COMPILER_APPICON_NAME = AppIcon;
				ASSETCATALOG_COMPILER_LAUNCHIMAGE_NAME = LaunchImage;
				GCC_PRECOMPILE_PREFIX_HEADER = YES;
				GCC_PREFIX_HEADER = "Grolo/Grolo-Prefix.pch";
				INFOPLIST_FILE = "Grolo/Grolo-Info.plist";
				PRODUCT_NAME = "$(TARGET_NAME)";
				WRAPPER_EXTENSION = app;
			};
			name = Debug;
		};
		04AE497719158E5000D9EF6B /* Release */ = {
			isa = XCBuildConfiguration;
			buildSettings = {
				ASSETCATALOG_COMPILER_APPICON_NAME = AppIcon;
				ASSETCATALOG_COMPILER_LAUNCHIMAGE_NAME = LaunchImage;
				GCC_PRECOMPILE_PREFIX_HEADER = YES;
				GCC_PREFIX_HEADER = "Grolo/Grolo-Prefix.pch";
				INFOPLIST_FILE = "Grolo/Grolo-Info.plist";
				PRODUCT_NAME = "$(TARGET_NAME)";
				WRAPPER_EXTENSION = app;
			};
			name = Release;
		};
		04AE497919158E5000D9EF6B /* Debug */ = {
			isa = XCBuildConfiguration;
			buildSettings = {
				BUNDLE_LOADER = "$(BUILT_PRODUCTS_DIR)/Grolo.app/Grolo";
				FRAMEWORK_SEARCH_PATHS = (
					"$(SDKROOT)/Developer/Library/Frameworks",
					"$(inherited)",
					"$(DEVELOPER_FRAMEWORKS_DIR)",
				);
				GCC_PRECOMPILE_PREFIX_HEADER = YES;
				GCC_PREFIX_HEADER = "Grolo/Grolo-Prefix.pch";
				GCC_PREPROCESSOR_DEFINITIONS = (
					"DEBUG=1",
					"$(inherited)",
				);
				INFOPLIST_FILE = "GroloTests/GroloTests-Info.plist";
				PRODUCT_NAME = "$(TARGET_NAME)";
				TEST_HOST = "$(BUNDLE_LOADER)";
				WRAPPER_EXTENSION = xctest;
			};
			name = Debug;
		};
		04AE497A19158E5000D9EF6B /* Release */ = {
			isa = XCBuildConfiguration;
			buildSettings = {
				BUNDLE_LOADER = "$(BUILT_PRODUCTS_DIR)/Grolo.app/Grolo";
				FRAMEWORK_SEARCH_PATHS = (
					"$(SDKROOT)/Developer/Library/Frameworks",
					"$(inherited)",
					"$(DEVELOPER_FRAMEWORKS_DIR)",
				);
				GCC_PRECOMPILE_PREFIX_HEADER = YES;
				GCC_PREFIX_HEADER = "Grolo/Grolo-Prefix.pch";
				INFOPLIST_FILE = "GroloTests/GroloTests-Info.plist";
				PRODUCT_NAME = "$(TARGET_NAME)";
				TEST_HOST = "$(BUNDLE_LOADER)";
				WRAPPER_EXTENSION = xctest;
			};
			name = Release;
		};
/* End XCBuildConfiguration section */

/* Begin XCConfigurationList section */
		04AE493E19158E5000D9EF6B /* Build configuration list for PBXProject "Grolo" */ = {
			isa = XCConfigurationList;
			buildConfigurations = (
				04AE497319158E5000D9EF6B /* Debug */,
				04AE497419158E5000D9EF6B /* Release */,
			);
			defaultConfigurationIsVisible = 0;
			defaultConfigurationName = Release;
		};
		04AE497519158E5000D9EF6B /* Build configuration list for PBXNativeTarget "Grolo" */ = {
			isa = XCConfigurationList;
			buildConfigurations = (
				04AE497619158E5000D9EF6B /* Debug */,
				04AE497719158E5000D9EF6B /* Release */,
			);
			defaultConfigurationIsVisible = 0;
		};
		04AE497819158E5000D9EF6B /* Build configuration list for PBXNativeTarget "GroloTests" */ = {
			isa = XCConfigurationList;
			buildConfigurations = (
				04AE497919158E5000D9EF6B /* Debug */,
				04AE497A19158E5000D9EF6B /* Release */,
			);
			defaultConfigurationIsVisible = 0;
		};
/* End XCConfigurationList section */
	};
	rootObject = 04AE493B19158E5000D9EF6B /* Project object */;
}
